// !$*UTF8*$!
{
	archiveVersion = 1;
	classes = {
	};
	objectVersion = 51;
	objects = {

/* Begin PBXBuildFile section */
		AF3E4D45E48352FBAF1B291F /* Pods_Shopping_List.framework in Frameworks */ = {isa = PBXBuildFile; fileRef = 373FA53E0B8989E694901AE9 /* Pods_Shopping_List.framework */; };
		E847317D2461C05F00C33DB3 /* GoogleService-Info.plist in Resources */ = {isa = PBXBuildFile; fileRef = E847317C2461C05F00C33DB3 /* GoogleService-Info.plist */; };
		E8D689652461C456000A27A2 /* RegisterViewController.swift in Sources */ = {isa = PBXBuildFile; fileRef = E8D689642461C456000A27A2 /* RegisterViewController.swift */; };
		E8D689682461CE71000A27A2 /* UserData.swift in Sources */ = {isa = PBXBuildFile; fileRef = E8D689672461CE71000A27A2 /* UserData.swift */; };
		E8D6896B2461DD4B000A27A2 /* SeguesConstants.swift in Sources */ = {isa = PBXBuildFile; fileRef = E8D6896A2461DD4B000A27A2 /* SeguesConstants.swift */; };
		E8D6896D246228D9000A27A2 /* ShoppingListViewController.swift in Sources */ = {isa = PBXBuildFile; fileRef = E8D6896C246228D9000A27A2 /* ShoppingListViewController.swift */; };
		E8D6896F24622967000A27A2 /* SettingsViewController.swift in Sources */ = {isa = PBXBuildFile; fileRef = E8D6896E24622967000A27A2 /* SettingsViewController.swift */; };
		E8D68971246229AF000A27A2 /* SetFamilyViewController.swift in Sources */ = {isa = PBXBuildFile; fileRef = E8D68970246229AF000A27A2 /* SetFamilyViewController.swift */; };
		E8D68975246359C7000A27A2 /* AddNewItemViewController.swift in Sources */ = {isa = PBXBuildFile; fileRef = E8D68974246359C7000A27A2 /* AddNewItemViewController.swift */; };
		E8DE68412460FD0F00047D12 /* AppDelegate.swift in Sources */ = {isa = PBXBuildFile; fileRef = E8DE68402460FD0F00047D12 /* AppDelegate.swift */; };
		E8DE68432460FD0F00047D12 /* SceneDelegate.swift in Sources */ = {isa = PBXBuildFile; fileRef = E8DE68422460FD0F00047D12 /* SceneDelegate.swift */; };
		E8DE68452460FD0F00047D12 /* ViewController.swift in Sources */ = {isa = PBXBuildFile; fileRef = E8DE68442460FD0F00047D12 /* ViewController.swift */; };
		E8DE68482460FD0F00047D12 /* Main.storyboard in Resources */ = {isa = PBXBuildFile; fileRef = E8DE68462460FD0F00047D12 /* Main.storyboard */; };
		E8DE684B2460FD0F00047D12 /* Shopping_List.xcdatamodeld in Sources */ = {isa = PBXBuildFile; fileRef = E8DE68492460FD0F00047D12 /* Shopping_List.xcdatamodeld */; };
		E8DE684D2460FD1700047D12 /* Assets.xcassets in Resources */ = {isa = PBXBuildFile; fileRef = E8DE684C2460FD1700047D12 /* Assets.xcassets */; };
		E8DE68502460FD1700047D12 /* LaunchScreen.storyboard in Resources */ = {isa = PBXBuildFile; fileRef = E8DE684E2460FD1700047D12 /* LaunchScreen.storyboard */; };
		E8DE685924611A2300047D12 /* LoginViewController.swift in Sources */ = {isa = PBXBuildFile; fileRef = E8DE685824611A2300047D12 /* LoginViewController.swift */; };
/* End PBXBuildFile section */

/* Begin PBXFileReference section */
		3044CABB1B3F24EE58AFE22C /* Pods-Shopping List.release.xcconfig */ = {isa = PBXFileReference; includeInIndex = 1; lastKnownFileType = text.xcconfig; name = "Pods-Shopping List.release.xcconfig"; path = "Target Support Files/Pods-Shopping List/Pods-Shopping List.release.xcconfig"; sourceTree = "<group>"; };
		373FA53E0B8989E694901AE9 /* Pods_Shopping_List.framework */ = {isa = PBXFileReference; explicitFileType = wrapper.framework; includeInIndex = 0; path = Pods_Shopping_List.framework; sourceTree = BUILT_PRODUCTS_DIR; };
		5AB9370395F1B5A98F446C5F /* Pods-Shopping List.debug.xcconfig */ = {isa = PBXFileReference; includeInIndex = 1; lastKnownFileType = text.xcconfig; name = "Pods-Shopping List.debug.xcconfig"; path = "Target Support Files/Pods-Shopping List/Pods-Shopping List.debug.xcconfig"; sourceTree = "<group>"; };
		E847317C2461C05F00C33DB3 /* GoogleService-Info.plist */ = {isa = PBXFileReference; fileEncoding = 4; lastKnownFileType = text.plist.xml; name = "GoogleService-Info.plist"; path = "../../../../../Downloads/GoogleService-Info.plist"; sourceTree = "<group>"; };
		E8D689642461C456000A27A2 /* RegisterViewController.swift */ = {isa = PBXFileReference; lastKnownFileType = sourcecode.swift; path = RegisterViewController.swift; sourceTree = "<group>"; };
		E8D689672461CE71000A27A2 /* UserData.swift */ = {isa = PBXFileReference; lastKnownFileType = sourcecode.swift; path = UserData.swift; sourceTree = "<group>"; };
		E8D6896A2461DD4B000A27A2 /* SeguesConstants.swift */ = {isa = PBXFileReference; lastKnownFileType = sourcecode.swift; path = SeguesConstants.swift; sourceTree = "<group>"; };
		E8D6896C246228D9000A27A2 /* ShoppingListViewController.swift */ = {isa = PBXFileReference; lastKnownFileType = sourcecode.swift; path = ShoppingListViewController.swift; sourceTree = "<group>"; };
		E8D6896E24622967000A27A2 /* SettingsViewController.swift */ = {isa = PBXFileReference; lastKnownFileType = sourcecode.swift; path = SettingsViewController.swift; sourceTree = "<group>"; };
		E8D68970246229AF000A27A2 /* SetFamilyViewController.swift */ = {isa = PBXFileReference; lastKnownFileType = sourcecode.swift; path = SetFamilyViewController.swift; sourceTree = "<group>"; };
		E8D68974246359C7000A27A2 /* AddNewItemViewController.swift */ = {isa = PBXFileReference; lastKnownFileType = sourcecode.swift; path = AddNewItemViewController.swift; sourceTree = "<group>"; };
		E8DE683D2460FD0F00047D12 /* Shopping List.app */ = {isa = PBXFileReference; explicitFileType = wrapper.application; includeInIndex = 0; path = "Shopping List.app"; sourceTree = BUILT_PRODUCTS_DIR; };
		E8DE68402460FD0F00047D12 /* AppDelegate.swift */ = {isa = PBXFileReference; lastKnownFileType = sourcecode.swift; path = AppDelegate.swift; sourceTree = "<group>"; };
		E8DE68422460FD0F00047D12 /* SceneDelegate.swift */ = {isa = PBXFileReference; lastKnownFileType = sourcecode.swift; path = SceneDelegate.swift; sourceTree = "<group>"; };
		E8DE68442460FD0F00047D12 /* ViewController.swift */ = {isa = PBXFileReference; lastKnownFileType = sourcecode.swift; path = ViewController.swift; sourceTree = "<group>"; };
		E8DE68472460FD0F00047D12 /* Base */ = {isa = PBXFileReference; lastKnownFileType = file.storyboard; name = Base; path = Base.lproj/Main.storyboard; sourceTree = "<group>"; };
		E8DE684A2460FD0F00047D12 /* Shopping_List.xcdatamodel */ = {isa = PBXFileReference; lastKnownFileType = wrapper.xcdatamodel; path = Shopping_List.xcdatamodel; sourceTree = "<group>"; };
		E8DE684C2460FD1700047D12 /* Assets.xcassets */ = {isa = PBXFileReference; lastKnownFileType = folder.assetcatalog; path = Assets.xcassets; sourceTree = "<group>"; };
		E8DE684F2460FD1700047D12 /* Base */ = {isa = PBXFileReference; lastKnownFileType = file.storyboard; name = Base; path = Base.lproj/LaunchScreen.storyboard; sourceTree = "<group>"; };
		E8DE68512460FD1700047D12 /* Info.plist */ = {isa = PBXFileReference; lastKnownFileType = text.plist.xml; path = Info.plist; sourceTree = "<group>"; };
		E8DE685824611A2300047D12 /* LoginViewController.swift */ = {isa = PBXFileReference; lastKnownFileType = sourcecode.swift; path = LoginViewController.swift; sourceTree = "<group>"; };
/* End PBXFileReference section */

/* Begin PBXFrameworksBuildPhase section */
		E8DE683A2460FD0F00047D12 /* Frameworks */ = {
			isa = PBXFrameworksBuildPhase;
			buildActionMask = 2147483647;
			files = (
				AF3E4D45E48352FBAF1B291F /* Pods_Shopping_List.framework in Frameworks */,
			);
			runOnlyForDeploymentPostprocessing = 0;
		};
/* End PBXFrameworksBuildPhase section */

/* Begin PBXGroup section */
		1CA389E169C239D500E5C143 /* Frameworks */ = {
			isa = PBXGroup;
			children = (
				373FA53E0B8989E694901AE9 /* Pods_Shopping_List.framework */,
			);
			name = Frameworks;
			sourceTree = "<group>";
		};
		E851221EDA3F33ADA3381611 /* Pods */ = {
			isa = PBXGroup;
			children = (
				5AB9370395F1B5A98F446C5F /* Pods-Shopping List.debug.xcconfig */,
				3044CABB1B3F24EE58AFE22C /* Pods-Shopping List.release.xcconfig */,
			);
			path = Pods;
			sourceTree = "<group>";
		};
		E8D689662461CE45000A27A2 /* Models */ = {
			isa = PBXGroup;
			children = (
				E8D689672461CE71000A27A2 /* UserData.swift */,
			);
			path = Models;
			sourceTree = "<group>";
		};
		E8D689692461DD39000A27A2 /* Constants */ = {
			isa = PBXGroup;
			children = (
				E8D6896A2461DD4B000A27A2 /* SeguesConstants.swift */,
			);
			path = Constants;
			sourceTree = "<group>";
		};
		E8DE68342460FD0F00047D12 = {
			isa = PBXGroup;
			children = (
				E8DE683F2460FD0F00047D12 /* Shopping List */,
				E8DE683E2460FD0F00047D12 /* Products */,
				E851221EDA3F33ADA3381611 /* Pods */,
				1CA389E169C239D500E5C143 /* Frameworks */,
			);
			sourceTree = "<group>";
		};
		E8DE683E2460FD0F00047D12 /* Products */ = {
			isa = PBXGroup;
			children = (
				E8DE683D2460FD0F00047D12 /* Shopping List.app */,
			);
			name = Products;
			sourceTree = "<group>";
		};
		E8DE683F2460FD0F00047D12 /* Shopping List */ = {
			isa = PBXGroup;
			children = (
				E8D689692461DD39000A27A2 /* Constants */,
				E8D689662461CE45000A27A2 /* Models */,
				E8DE685724611A1300047D12 /* Controllers */,
				E8DE68402460FD0F00047D12 /* AppDelegate.swift */,
				E8DE68422460FD0F00047D12 /* SceneDelegate.swift */,
				E8DE68442460FD0F00047D12 /* ViewController.swift */,
				E8DE68462460FD0F00047D12 /* Main.storyboard */,
				E8DE684C2460FD1700047D12 /* Assets.xcassets */,
				E8DE684E2460FD1700047D12 /* LaunchScreen.storyboard */,
				E847317C2461C05F00C33DB3 /* GoogleService-Info.plist */,
				E8DE68512460FD1700047D12 /* Info.plist */,
				E8DE68492460FD0F00047D12 /* Shopping_List.xcdatamodeld */,
			);
			path = "Shopping List";
			sourceTree = "<group>";
		};
		E8DE685724611A1300047D12 /* Controllers */ = {
			isa = PBXGroup;
			children = (
				E8DE685824611A2300047D12 /* LoginViewController.swift */,
				E8D689642461C456000A27A2 /* RegisterViewController.swift */,
				E8D6896C246228D9000A27A2 /* ShoppingListViewController.swift */,
				E8D6896E24622967000A27A2 /* SettingsViewController.swift */,
				E8D68970246229AF000A27A2 /* SetFamilyViewController.swift */,
				E8D68974246359C7000A27A2 /* AddNewItemViewController.swift */,
			);
			path = Controllers;
			sourceTree = "<group>";
		};
/* End PBXGroup section */

/* Begin PBXNativeTarget section */
		E8DE683C2460FD0F00047D12 /* Shopping List */ = {
			isa = PBXNativeTarget;
			buildConfigurationList = E8DE68542460FD1700047D12 /* Build configuration list for PBXNativeTarget "Shopping List" */;
			buildPhases = (
				2405D55B88DFE6EB1207719C /* [CP] Check Pods Manifest.lock */,
				E8DE68392460FD0F00047D12 /* Sources */,
				E8DE683A2460FD0F00047D12 /* Frameworks */,
				E8DE683B2460FD0F00047D12 /* Resources */,
				8722531CC27AEF8942F045DD /* [CP] Embed Pods Frameworks */,
			);
			buildRules = (
			);
			dependencies = (
			);
			name = "Shopping List";
			productName = "Shopping List";
			productReference = E8DE683D2460FD0F00047D12 /* Shopping List.app */;
			productType = "com.apple.product-type.application";
		};
/* End PBXNativeTarget section */

/* Begin PBXProject section */
		E8DE68352460FD0F00047D12 /* Project object */ = {
			isa = PBXProject;
			attributes = {
				LastSwiftUpdateCheck = 1140;
				LastUpgradeCheck = 1140;
				ORGANIZATIONNAME = "Tiago Oliveira";
				TargetAttributes = {
					E8DE683C2460FD0F00047D12 = {
						CreatedOnToolsVersion = 11.4.1;
					};
				};
			};
			buildConfigurationList = E8DE68382460FD0F00047D12 /* Build configuration list for PBXProject "Shopping List" */;
			compatibilityVersion = "Xcode 9.3";
			developmentRegion = en;
			hasScannedForEncodings = 0;
			knownRegions = (
				en,
				Base,
			);
			mainGroup = E8DE68342460FD0F00047D12;
			productRefGroup = E8DE683E2460FD0F00047D12 /* Products */;
			projectDirPath = "";
			projectRoot = "";
			targets = (
				E8DE683C2460FD0F00047D12 /* Shopping List */,
			);
		};
/* End PBXProject section */

/* Begin PBXResourcesBuildPhase section */
		E8DE683B2460FD0F00047D12 /* Resources */ = {
			isa = PBXResourcesBuildPhase;
			buildActionMask = 2147483647;
			files = (
				E8DE68502460FD1700047D12 /* LaunchScreen.storyboard in Resources */,
				E847317D2461C05F00C33DB3 /* GoogleService-Info.plist in Resources */,
				E8DE684D2460FD1700047D12 /* Assets.xcassets in Resources */,
				E8DE68482460FD0F00047D12 /* Main.storyboard in Resources */,
			);
			runOnlyForDeploymentPostprocessing = 0;
		};
/* End PBXResourcesBuildPhase section */

/* Begin PBXShellScriptBuildPhase section */
		2405D55B88DFE6EB1207719C /* [CP] Check Pods Manifest.lock */ = {
			isa = PBXShellScriptBuildPhase;
			buildActionMask = 2147483647;
			files = (
			);
			inputFileListPaths = (
			);
			inputPaths = (
				"${PODS_PODFILE_DIR_PATH}/Podfile.lock",
				"${PODS_ROOT}/Manifest.lock",
			);
			name = "[CP] Check Pods Manifest.lock";
			outputFileListPaths = (
			);
			outputPaths = (
				"$(DERIVED_FILE_DIR)/Pods-Shopping List-checkManifestLockResult.txt",
			);
			runOnlyForDeploymentPostprocessing = 0;
			shellPath = /bin/sh;
			shellScript = "diff \"${PODS_PODFILE_DIR_PATH}/Podfile.lock\" \"${PODS_ROOT}/Manifest.lock\" > /dev/null\nif [ $? != 0 ] ; then\n    # print error to STDERR\n    echo \"error: The sandbox is not in sync with the Podfile.lock. Run 'pod install' or update your CocoaPods installation.\" >&2\n    exit 1\nfi\n# This output is used by Xcode 'outputs' to avoid re-running this script phase.\necho \"SUCCESS\" > \"${SCRIPT_OUTPUT_FILE_0}\"\n";
			showEnvVarsInLog = 0;
		};
		8722531CC27AEF8942F045DD /* [CP] Embed Pods Frameworks */ = {
			isa = PBXShellScriptBuildPhase;
			buildActionMask = 2147483647;
			files = (
			);
			inputFileListPaths = (
				"${PODS_ROOT}/Target Support Files/Pods-Shopping List/Pods-Shopping List-frameworks-${CONFIGURATION}-input-files.xcfilelist",
			);
			name = "[CP] Embed Pods Frameworks";
			outputFileListPaths = (
				"${PODS_ROOT}/Target Support Files/Pods-Shopping List/Pods-Shopping List-frameworks-${CONFIGURATION}-output-files.xcfilelist",
			);
			runOnlyForDeploymentPostprocessing = 0;
			shellPath = /bin/sh;
			shellScript = "\"${PODS_ROOT}/Target Support Files/Pods-Shopping List/Pods-Shopping List-frameworks.sh\"\n";
			showEnvVarsInLog = 0;
		};
/* End PBXShellScriptBuildPhase section */

/* Begin PBXSourcesBuildPhase section */
		E8DE68392460FD0F00047D12 /* Sources */ = {
			isa = PBXSourcesBuildPhase;
			buildActionMask = 2147483647;
			files = (
				E8DE68452460FD0F00047D12 /* ViewController.swift in Sources */,
				E8D68975246359C7000A27A2 /* AddNewItemViewController.swift in Sources */,
				E8D6896B2461DD4B000A27A2 /* SeguesConstants.swift in Sources */,
				E8DE684B2460FD0F00047D12 /* Shopping_List.xcdatamodeld in Sources */,
				E8D6896F24622967000A27A2 /* SettingsViewController.swift in Sources */,
				E8D689682461CE71000A27A2 /* UserData.swift in Sources */,
				E8DE68412460FD0F00047D12 /* AppDelegate.swift in Sources */,
				E8D68971246229AF000A27A2 /* SetFamilyViewController.swift in Sources */,
				E8D6896D246228D9000A27A2 /* ShoppingListViewController.swift in Sources */,
				E8D689652461C456000A27A2 /* RegisterViewController.swift in Sources */,
				E8DE685924611A2300047D12 /* LoginViewController.swift in Sources */,
				E8DE68432460FD0F00047D12 /* SceneDelegate.swift in Sources */,
			);
			runOnlyForDeploymentPostprocessing = 0;
		};
/* End PBXSourcesBuildPhase section */

/* Begin PBXVariantGroup section */
		E8DE68462460FD0F00047D12 /* Main.storyboard */ = {
			isa = PBXVariantGroup;
			children = (
				E8DE68472460FD0F00047D12 /* Base */,
			);
			name = Main.storyboard;
			sourceTree = "<group>";
		};
		E8DE684E2460FD1700047D12 /* LaunchScreen.storyboard */ = {
			isa = PBXVariantGroup;
			children = (
				E8DE684F2460FD1700047D12 /* Base */,
			);
			name = LaunchScreen.storyboard;
			sourceTree = "<group>";
		};
/* End PBXVariantGroup section */

/* Begin XCBuildConfiguration section */
		E8DE68522460FD1700047D12 /* Debug */ = {
			isa = XCBuildConfiguration;
			buildSettings = {
				ALWAYS_SEARCH_USER_PATHS = NO;
				CLANG_ANALYZER_NONNULL = YES;
				CLANG_ANALYZER_NUMBER_OBJECT_CONVERSION = YES_AGGRESSIVE;
				CLANG_CXX_LANGUAGE_STANDARD = "gnu++14";
				CLANG_CXX_LIBRARY = "libc++";
				CLANG_ENABLE_MODULES = YES;
				CLANG_ENABLE_OBJC_ARC = YES;
				CLANG_ENABLE_OBJC_WEAK = YES;
				CLANG_WARN_BLOCK_CAPTURE_AUTORELEASING = YES;
				CLANG_WARN_BOOL_CONVERSION = YES;
				CLANG_WARN_COMMA = YES;
				CLANG_WARN_CONSTANT_CONVERSION = YES;
				CLANG_WARN_DEPRECATED_OBJC_IMPLEMENTATIONS = YES;
				CLANG_WARN_DIRECT_OBJC_ISA_USAGE = YES_ERROR;
				CLANG_WARN_DOCUMENTATION_COMMENTS = YES;
				CLANG_WARN_EMPTY_BODY = YES;
				CLANG_WARN_ENUM_CONVERSION = YES;
				CLANG_WARN_INFINITE_RECURSION = YES;
				CLANG_WARN_INT_CONVERSION = YES;
				CLANG_WARN_NON_LITERAL_NULL_CONVERSION = YES;
				CLANG_WARN_OBJC_IMPLICIT_RETAIN_SELF = YES;
				CLANG_WARN_OBJC_LITERAL_CONVERSION = YES;
				CLANG_WARN_OBJC_ROOT_CLASS = YES_ERROR;
				CLANG_WARN_RANGE_LOOP_ANALYSIS = YES;
				CLANG_WARN_STRICT_PROTOTYPES = YES;
				CLANG_WARN_SUSPICIOUS_MOVE = YES;
				CLANG_WARN_UNGUARDED_AVAILABILITY = YES_AGGRESSIVE;
				CLANG_WARN_UNREACHABLE_CODE = YES;
				CLANG_WARN__DUPLICATE_METHOD_MATCH = YES;
				COPY_PHASE_STRIP = NO;
				DEBUG_INFORMATION_FORMAT = dwarf;
				ENABLE_STRICT_OBJC_MSGSEND = YES;
				ENABLE_TESTABILITY = YES;
				GCC_C_LANGUAGE_STANDARD = gnu11;
				GCC_DYNAMIC_NO_PIC = NO;
				GCC_NO_COMMON_BLOCKS = YES;
				GCC_OPTIMIZATION_LEVEL = 0;
				GCC_PREPROCESSOR_DEFINITIONS = (
					"DEBUG=1",
					"$(inherited)",
				);
				GCC_WARN_64_TO_32_BIT_CONVERSION = YES;
				GCC_WARN_ABOUT_RETURN_TYPE = YES_ERROR;
				GCC_WARN_UNDECLARED_SELECTOR = YES;
				GCC_WARN_UNINITIALIZED_AUTOS = YES_AGGRESSIVE;
				GCC_WARN_UNUSED_FUNCTION = YES;
				GCC_WARN_UNUSED_VARIABLE = YES;
				IPHONEOS_DEPLOYMENT_TARGET = 13.4;
				MTL_ENABLE_DEBUG_INFO = INCLUDE_SOURCE;
				MTL_FAST_MATH = YES;
				ONLY_ACTIVE_ARCH = YES;
				SDKROOT = iphoneos;
				SWIFT_ACTIVE_COMPILATION_CONDITIONS = DEBUG;
				SWIFT_OPTIMIZATION_LEVEL = "-Onone";
			};
			name = Debug;
		};
		E8DE68532460FD1700047D12 /* Release */ = {
			isa = XCBuildConfiguration;
			buildSettings = {
				ALWAYS_SEARCH_USER_PATHS = NO;
				CLANG_ANALYZER_NONNULL = YES;
				CLANG_ANALYZER_NUMBER_OBJECT_CONVERSION = YES_AGGRESSIVE;
				CLANG_CXX_LANGUAGE_STANDARD = "gnu++14";
				CLANG_CXX_LIBRARY = "libc++";
				CLANG_ENABLE_MODULES = YES;
				CLANG_ENABLE_OBJC_ARC = YES;
				CLANG_ENABLE_OBJC_WEAK = YES;
				CLANG_WARN_BLOCK_CAPTURE_AUTORELEASING = YES;
				CLANG_WARN_BOOL_CONVERSION = YES;
				CLANG_WARN_COMMA = YES;
				CLANG_WARN_CONSTANT_CONVERSION = YES;
				CLANG_WARN_DEPRECATED_OBJC_IMPLEMENTATIONS = YES;
				CLANG_WARN_DIRECT_OBJC_ISA_USAGE = YES_ERROR;
				CLANG_WARN_DOCUMENTATION_COMMENTS = YES;
				CLANG_WARN_EMPTY_BODY = YES;
				CLANG_WARN_ENUM_CONVERSION = YES;
				CLANG_WARN_INFINITE_RECURSION = YES;
				CLANG_WARN_INT_CONVERSION = YES;
				CLANG_WARN_NON_LITERAL_NULL_CONVERSION = YES;
				CLANG_WARN_OBJC_IMPLICIT_RETAIN_SELF = YES;
				CLANG_WARN_OBJC_LITERAL_CONVERSION = YES;
				CLANG_WARN_OBJC_ROOT_CLASS = YES_ERROR;
				CLANG_WARN_RANGE_LOOP_ANALYSIS = YES;
				CLANG_WARN_STRICT_PROTOTYPES = YES;
				CLANG_WARN_SUSPICIOUS_MOVE = YES;
				CLANG_WARN_UNGUARDED_AVAILABILITY = YES_AGGRESSIVE;
				CLANG_WARN_UNREACHABLE_CODE = YES;
				CLANG_WARN__DUPLICATE_METHOD_MATCH = YES;
				COPY_PHASE_STRIP = NO;
				DEBUG_INFORMATION_FORMAT = "dwarf-with-dsym";
				ENABLE_NS_ASSERTIONS = NO;
				ENABLE_STRICT_OBJC_MSGSEND = YES;
				GCC_C_LANGUAGE_STANDARD = gnu11;
				GCC_NO_COMMON_BLOCKS = YES;
				GCC_WARN_64_TO_32_BIT_CONVERSION = YES;
				GCC_WARN_ABOUT_RETURN_TYPE = YES_ERROR;
				GCC_WARN_UNDECLARED_SELECTOR = YES;
				GCC_WARN_UNINITIALIZED_AUTOS = YES_AGGRESSIVE;
				GCC_WARN_UNUSED_FUNCTION = YES;
				GCC_WARN_UNUSED_VARIABLE = YES;
				IPHONEOS_DEPLOYMENT_TARGET = 13.4;
				MTL_ENABLE_DEBUG_INFO = NO;
				MTL_FAST_MATH = YES;
				SDKROOT = iphoneos;
				SWIFT_COMPILATION_MODE = wholemodule;
				SWIFT_OPTIMIZATION_LEVEL = "-O";
				VALIDATE_PRODUCT = YES;
			};
			name = Release;
		};
		E8DE68552460FD1700047D12 /* Debug */ = {
			isa = XCBuildConfiguration;
			baseConfigurationReference = 5AB9370395F1B5A98F446C5F /* Pods-Shopping List.debug.xcconfig */;
			buildSettings = {
				ASSETCATALOG_COMPILER_APPICON_NAME = AppIcon;
				CODE_SIGN_STYLE = Automatic;
				DEVELOPMENT_TEAM = PWGXY8Q8QJ;
				INFOPLIST_FILE = "Shopping List/Info.plist";
				LD_RUNPATH_SEARCH_PATHS = (
					"$(inherited)",
					"@executable_path/Frameworks",
				);
				PRODUCT_BUNDLE_IDENTIFIER = "com.smartguygoescrazy.ios.Shopping-List";
				PRODUCT_NAME = "$(TARGET_NAME)";
				SWIFT_VERSION = 5.0;
				TARGETED_DEVICE_FAMILY = "1,2";
			};
			name = Debug;
		};
		E8DE68562460FD1700047D12 /* Release */ = {
			isa = XCBuildConfiguration;
			baseConfigurationReference = 3044CABB1B3F24EE58AFE22C /* Pods-Shopping List.release.xcconfig */;
			buildSettings = {
				ASSETCATALOG_COMPILER_APPICON_NAME = AppIcon;
				CODE_SIGN_STYLE = Automatic;
				DEVELOPMENT_TEAM = PWGXY8Q8QJ;
				INFOPLIST_FILE = "Shopping List/Info.plist";
				LD_RUNPATH_SEARCH_PATHS = (
					"$(inherited)",
					"@executable_path/Frameworks",
				);
				PRODUCT_BUNDLE_IDENTIFIER = "com.smartguygoescrazy.ios.Shopping-List";
				PRODUCT_NAME = "$(TARGET_NAME)";
				SWIFT_VERSION = 5.0;
				TARGETED_DEVICE_FAMILY = "1,2";
			};
			name = Release;
		};
/* End XCBuildConfiguration section */

/* Begin XCConfigurationList section */
		E8DE68382460FD0F00047D12 /* Build configuration list for PBXProject "Shopping List" */ = {
			isa = XCConfigurationList;
			buildConfigurations = (
				E8DE68522460FD1700047D12 /* Debug */,
				E8DE68532460FD1700047D12 /* Release */,
			);
			defaultConfigurationIsVisible = 0;
			defaultConfigurationName = Release;
		};
		E8DE68542460FD1700047D12 /* Build configuration list for PBXNativeTarget "Shopping List" */ = {
			isa = XCConfigurationList;
			buildConfigurations = (
				E8DE68552460FD1700047D12 /* Debug */,
				E8DE68562460FD1700047D12 /* Release */,
			);
			defaultConfigurationIsVisible = 0;
			defaultConfigurationName = Release;
		};
/* End XCConfigurationList section */

/* Begin XCVersionGroup section */
		E8DE68492460FD0F00047D12 /* Shopping_List.xcdatamodeld */ = {
			isa = XCVersionGroup;
			children = (
				E8DE684A2460FD0F00047D12 /* Shopping_List.xcdatamodel */,
			);
			currentVersion = E8DE684A2460FD0F00047D12 /* Shopping_List.xcdatamodel */;
			path = Shopping_List.xcdatamodeld;
			sourceTree = "<group>";
			versionGroupType = wrapper.xcdatamodel;
		};
/* End XCVersionGroup section */
	};
	rootObject = E8DE68352460FD0F00047D12 /* Project object */;
}
