// !$*UTF8*$!
{
	archiveVersion = 1;
	classes = {
	};
	objectVersion = 50;
	objects = {

/* Begin PBXBuildFile section */
		E8C4D0EC2454ACEA00616DB7 /* AppDelegate.swift in Sources */ = {isa = PBXBuildFile; fileRef = E8C4D0EB2454ACEA00616DB7 /* AppDelegate.swift */; };
		E8C4D0EE2454ACEA00616DB7 /* SceneDelegate.swift in Sources */ = {isa = PBXBuildFile; fileRef = E8C4D0ED2454ACEA00616DB7 /* SceneDelegate.swift */; };
		E8C4D0F02454ACEB00616DB7 /* ViewController.swift in Sources */ = {isa = PBXBuildFile; fileRef = E8C4D0EF2454ACEB00616DB7 /* ViewController.swift */; };
		E8C4D0F32454ACEB00616DB7 /* Main.storyboard in Resources */ = {isa = PBXBuildFile; fileRef = E8C4D0F12454ACEB00616DB7 /* Main.storyboard */; };
		E8C4D0F52454ACEC00616DB7 /* Assets.xcassets in Resources */ = {isa = PBXBuildFile; fileRef = E8C4D0F42454ACEC00616DB7 /* Assets.xcassets */; };
		E8C4D0F82454ACEC00616DB7 /* LaunchScreen.storyboard in Resources */ = {isa = PBXBuildFile; fileRef = E8C4D0F62454ACEC00616DB7 /* LaunchScreen.storyboard */; };
		E8C4D10124550E8300616DB7 /* TabBarNavigationController.swift in Sources */ = {isa = PBXBuildFile; fileRef = E8C4D10024550E8300616DB7 /* TabBarNavigationController.swift */; };
		E8C4D1032455F23200616DB7 /* LoginViewController.swift in Sources */ = {isa = PBXBuildFile; fileRef = E8C4D1022455F23200616DB7 /* LoginViewController.swift */; };
		E8C4D1072455F70E00616DB7 /* ServerConstants.swift in Sources */ = {isa = PBXBuildFile; fileRef = E8C4D1062455F70E00616DB7 /* ServerConstants.swift */; };
		E8C4D10A24562D5400616DB7 /* AuthProvider.swift in Sources */ = {isa = PBXBuildFile; fileRef = E8C4D10924562D5400616DB7 /* AuthProvider.swift */; };
		E8C4D10C2456570F00616DB7 /* SeguesConstants.swift in Sources */ = {isa = PBXBuildFile; fileRef = E8C4D10B2456570F00616DB7 /* SeguesConstants.swift */; };
		E8C4D10E245672F600616DB7 /* MapViewController.swift in Sources */ = {isa = PBXBuildFile; fileRef = E8C4D10D245672F600616DB7 /* MapViewController.swift */; };
		E8C4D11024567F8100616DB7 /* StudentProvider.swift in Sources */ = {isa = PBXBuildFile; fileRef = E8C4D10F24567F8100616DB7 /* StudentProvider.swift */; };
		E8C4D1132456805C00616DB7 /* Student.swift in Sources */ = {isa = PBXBuildFile; fileRef = E8C4D1122456805C00616DB7 /* Student.swift */; };
		E8C4D1162457218200616DB7 /* PinUIButton.swift in Sources */ = {isa = PBXBuildFile; fileRef = E8C4D1152457218200616DB7 /* PinUIButton.swift */; };
		E8C4D118245736C900616DB7 /* TableViewController.swift in Sources */ = {isa = PBXBuildFile; fileRef = E8C4D117245736C900616DB7 /* TableViewController.swift */; };
		E8C4D11D24574FC400616DB7 /* StudentLocationViewCell.swift in Sources */ = {isa = PBXBuildFile; fileRef = E8C4D11C24574FC400616DB7 /* StudentLocationViewCell.swift */; };
		E8C4D11F24579CB500616DB7 /* Identifiers.swift in Sources */ = {isa = PBXBuildFile; fileRef = E8C4D11E24579CB500616DB7 /* Identifiers.swift */; };
		E8C4D1212457AB7D00616DB7 /* LocationViewController.swift in Sources */ = {isa = PBXBuildFile; fileRef = E8C4D1202457AB7D00616DB7 /* LocationViewController.swift */; };
		E8C4D1232457ABD900616DB7 /* PickLocationViewController.swift in Sources */ = {isa = PBXBuildFile; fileRef = E8C4D1222457ABD900616DB7 /* PickLocationViewController.swift */; };
/* End PBXBuildFile section */

/* Begin PBXFileReference section */
		E8C4D0E82454ACEA00616DB7 /* OnTheMap.app */ = {isa = PBXFileReference; explicitFileType = wrapper.application; includeInIndex = 0; path = OnTheMap.app; sourceTree = BUILT_PRODUCTS_DIR; };
		E8C4D0EB2454ACEA00616DB7 /* AppDelegate.swift */ = {isa = PBXFileReference; lastKnownFileType = sourcecode.swift; path = AppDelegate.swift; sourceTree = "<group>"; };
		E8C4D0ED2454ACEA00616DB7 /* SceneDelegate.swift */ = {isa = PBXFileReference; lastKnownFileType = sourcecode.swift; path = SceneDelegate.swift; sourceTree = "<group>"; };
		E8C4D0EF2454ACEB00616DB7 /* ViewController.swift */ = {isa = PBXFileReference; lastKnownFileType = sourcecode.swift; path = ViewController.swift; sourceTree = "<group>"; };
		E8C4D0F22454ACEB00616DB7 /* Base */ = {isa = PBXFileReference; lastKnownFileType = file.storyboard; name = Base; path = Base.lproj/Main.storyboard; sourceTree = "<group>"; };
		E8C4D0F42454ACEC00616DB7 /* Assets.xcassets */ = {isa = PBXFileReference; lastKnownFileType = folder.assetcatalog; path = Assets.xcassets; sourceTree = "<group>"; };
		E8C4D0F72454ACEC00616DB7 /* Base */ = {isa = PBXFileReference; lastKnownFileType = file.storyboard; name = Base; path = Base.lproj/LaunchScreen.storyboard; sourceTree = "<group>"; };
		E8C4D0F92454ACEC00616DB7 /* Info.plist */ = {isa = PBXFileReference; lastKnownFileType = text.plist.xml; path = Info.plist; sourceTree = "<group>"; };
		E8C4D10024550E8300616DB7 /* TabBarNavigationController.swift */ = {isa = PBXFileReference; lastKnownFileType = sourcecode.swift; path = TabBarNavigationController.swift; sourceTree = "<group>"; };
		E8C4D1022455F23200616DB7 /* LoginViewController.swift */ = {isa = PBXFileReference; lastKnownFileType = sourcecode.swift; path = LoginViewController.swift; sourceTree = "<group>"; };
		E8C4D1062455F70E00616DB7 /* ServerConstants.swift */ = {isa = PBXFileReference; lastKnownFileType = sourcecode.swift; path = ServerConstants.swift; sourceTree = "<group>"; };
		E8C4D10924562D5400616DB7 /* AuthProvider.swift */ = {isa = PBXFileReference; lastKnownFileType = sourcecode.swift; path = AuthProvider.swift; sourceTree = "<group>"; };
		E8C4D10B2456570F00616DB7 /* SeguesConstants.swift */ = {isa = PBXFileReference; lastKnownFileType = sourcecode.swift; path = SeguesConstants.swift; sourceTree = "<group>"; };
		E8C4D10D245672F600616DB7 /* MapViewController.swift */ = {isa = PBXFileReference; lastKnownFileType = sourcecode.swift; path = MapViewController.swift; sourceTree = "<group>"; };
		E8C4D10F24567F8100616DB7 /* StudentProvider.swift */ = {isa = PBXFileReference; lastKnownFileType = sourcecode.swift; path = StudentProvider.swift; sourceTree = "<group>"; };
		E8C4D1122456805C00616DB7 /* Student.swift */ = {isa = PBXFileReference; lastKnownFileType = sourcecode.swift; path = Student.swift; sourceTree = "<group>"; };
		E8C4D1152457218200616DB7 /* PinUIButton.swift */ = {isa = PBXFileReference; lastKnownFileType = sourcecode.swift; path = PinUIButton.swift; sourceTree = "<group>"; };
		E8C4D117245736C900616DB7 /* TableViewController.swift */ = {isa = PBXFileReference; lastKnownFileType = sourcecode.swift; path = TableViewController.swift; sourceTree = "<group>"; };
		E8C4D11C24574FC400616DB7 /* StudentLocationViewCell.swift */ = {isa = PBXFileReference; lastKnownFileType = sourcecode.swift; path = StudentLocationViewCell.swift; sourceTree = "<group>"; };
		E8C4D11E24579CB500616DB7 /* Identifiers.swift */ = {isa = PBXFileReference; lastKnownFileType = sourcecode.swift; path = Identifiers.swift; sourceTree = "<group>"; };
		E8C4D1202457AB7D00616DB7 /* LocationViewController.swift */ = {isa = PBXFileReference; lastKnownFileType = sourcecode.swift; path = LocationViewController.swift; sourceTree = "<group>"; };
		E8C4D1222457ABD900616DB7 /* PickLocationViewController.swift */ = {isa = PBXFileReference; lastKnownFileType = sourcecode.swift; path = PickLocationViewController.swift; sourceTree = "<group>"; };
/* End PBXFileReference section */

/* Begin PBXFrameworksBuildPhase section */
		E8C4D0E52454ACEA00616DB7 /* Frameworks */ = {
			isa = PBXFrameworksBuildPhase;
			buildActionMask = 2147483647;
			files = (
			);
			runOnlyForDeploymentPostprocessing = 0;
		};
/* End PBXFrameworksBuildPhase section */

/* Begin PBXGroup section */
		E8C4D0DF2454ACEA00616DB7 = {
			isa = PBXGroup;
			children = (
				E8C4D0EA2454ACEA00616DB7 /* OnTheMap */,
				E8C4D0E92454ACEA00616DB7 /* Products */,
			);
			sourceTree = "<group>";
		};
		E8C4D0E92454ACEA00616DB7 /* Products */ = {
			isa = PBXGroup;
			children = (
				E8C4D0E82454ACEA00616DB7 /* OnTheMap.app */,
			);
			name = Products;
			sourceTree = "<group>";
		};
		E8C4D0EA2454ACEA00616DB7 /* OnTheMap */ = {
			isa = PBXGroup;
			children = (
				E8C4D119245737FB00616DB7 /* Views */,
				E8C4D1142457216200616DB7 /* Ui */,
				E8C4D1112456804200616DB7 /* Models */,
				E8C4D10824562D1900616DB7 /* Auth */,
				E8C4D1042455F65300616DB7 /* Constants */,
				E8C4D0FF24550E5500616DB7 /* Controllers */,
				E8C4D0EB2454ACEA00616DB7 /* AppDelegate.swift */,
				E8C4D0ED2454ACEA00616DB7 /* SceneDelegate.swift */,
				E8C4D0EF2454ACEB00616DB7 /* ViewController.swift */,
				E8C4D0F12454ACEB00616DB7 /* Main.storyboard */,
				E8C4D0F42454ACEC00616DB7 /* Assets.xcassets */,
				E8C4D0F62454ACEC00616DB7 /* LaunchScreen.storyboard */,
				E8C4D0F92454ACEC00616DB7 /* Info.plist */,
			);
			path = OnTheMap;
			sourceTree = "<group>";
		};
		E8C4D0FF24550E5500616DB7 /* Controllers */ = {
			isa = PBXGroup;
			children = (
				E8C4D10024550E8300616DB7 /* TabBarNavigationController.swift */,
				E8C4D1022455F23200616DB7 /* LoginViewController.swift */,
				E8C4D10D245672F600616DB7 /* MapViewController.swift */,
				E8C4D117245736C900616DB7 /* TableViewController.swift */,
				E8C4D1202457AB7D00616DB7 /* LocationViewController.swift */,
				E8C4D1222457ABD900616DB7 /* PickLocationViewController.swift */,
			);
			path = Controllers;
			sourceTree = "<group>";
		};
		E8C4D1042455F65300616DB7 /* Constants */ = {
			isa = PBXGroup;
			children = (
				E8C4D10B2456570F00616DB7 /* SeguesConstants.swift */,
				E8C4D1062455F70E00616DB7 /* ServerConstants.swift */,
				E8C4D11E24579CB500616DB7 /* Identifiers.swift */,
			);
			path = Constants;
			sourceTree = "<group>";
		};
		E8C4D10824562D1900616DB7 /* Auth */ = {
			isa = PBXGroup;
			children = (
				E8C4D10924562D5400616DB7 /* AuthProvider.swift */,
				E8C4D10F24567F8100616DB7 /* StudentProvider.swift */,
			);
			path = Auth;
			sourceTree = "<group>";
		};
		E8C4D1112456804200616DB7 /* Models */ = {
			isa = PBXGroup;
			children = (
				E8C4D1122456805C00616DB7 /* Student.swift */,
			);
			path = Models;
			sourceTree = "<group>";
		};
		E8C4D1142457216200616DB7 /* Ui */ = {
			isa = PBXGroup;
			children = (
				E8C4D1152457218200616DB7 /* PinUIButton.swift */,
			);
			path = Ui;
			sourceTree = "<group>";
		};
		E8C4D119245737FB00616DB7 /* Views */ = {
			isa = PBXGroup;
			children = (
				E8C4D11C24574FC400616DB7 /* StudentLocationViewCell.swift */,
			);
			path = Views;
			sourceTree = "<group>";
		};
/* End PBXGroup section */

/* Begin PBXNativeTarget section */
		E8C4D0E72454ACEA00616DB7 /* OnTheMap */ = {
			isa = PBXNativeTarget;
			buildConfigurationList = E8C4D0FC2454ACEC00616DB7 /* Build configuration list for PBXNativeTarget "OnTheMap" */;
			buildPhases = (
				E8C4D0E42454ACEA00616DB7 /* Sources */,
				E8C4D0E52454ACEA00616DB7 /* Frameworks */,
				E8C4D0E62454ACEA00616DB7 /* Resources */,
			);
			buildRules = (
			);
			dependencies = (
			);
			name = OnTheMap;
			productName = OnTheMap;
			productReference = E8C4D0E82454ACEA00616DB7 /* OnTheMap.app */;
			productType = "com.apple.product-type.application";
		};
/* End PBXNativeTarget section */

/* Begin PBXProject section */
		E8C4D0E02454ACEA00616DB7 /* Project object */ = {
			isa = PBXProject;
			attributes = {
				LastSwiftUpdateCheck = 1140;
				LastUpgradeCheck = 1140;
				ORGANIZATIONNAME = "Tiago Oliveira";
				TargetAttributes = {
					E8C4D0E72454ACEA00616DB7 = {
						CreatedOnToolsVersion = 11.4.1;
					};
				};
			};
			buildConfigurationList = E8C4D0E32454ACEA00616DB7 /* Build configuration list for PBXProject "OnTheMap" */;
			compatibilityVersion = "Xcode 9.3";
			developmentRegion = en;
			hasScannedForEncodings = 0;
			knownRegions = (
				en,
				Base,
			);
			mainGroup = E8C4D0DF2454ACEA00616DB7;
			productRefGroup = E8C4D0E92454ACEA00616DB7 /* Products */;
			projectDirPath = "";
			projectRoot = "";
			targets = (
				E8C4D0E72454ACEA00616DB7 /* OnTheMap */,
			);
		};
/* End PBXProject section */

/* Begin PBXResourcesBuildPhase section */
		E8C4D0E62454ACEA00616DB7 /* Resources */ = {
			isa = PBXResourcesBuildPhase;
			buildActionMask = 2147483647;
			files = (
				E8C4D0F82454ACEC00616DB7 /* LaunchScreen.storyboard in Resources */,
				E8C4D0F52454ACEC00616DB7 /* Assets.xcassets in Resources */,
				E8C4D0F32454ACEB00616DB7 /* Main.storyboard in Resources */,
			);
			runOnlyForDeploymentPostprocessing = 0;
		};
/* End PBXResourcesBuildPhase section */

/* Begin PBXSourcesBuildPhase section */
		E8C4D0E42454ACEA00616DB7 /* Sources */ = {
			isa = PBXSourcesBuildPhase;
			buildActionMask = 2147483647;
			files = (
				E8C4D0F02454ACEB00616DB7 /* ViewController.swift in Sources */,
				E8C4D1162457218200616DB7 /* PinUIButton.swift in Sources */,
				E8C4D1232457ABD900616DB7 /* PickLocationViewController.swift in Sources */,
				E8C4D118245736C900616DB7 /* TableViewController.swift in Sources */,
				E8C4D10C2456570F00616DB7 /* SeguesConstants.swift in Sources */,
				E8C4D0EC2454ACEA00616DB7 /* AppDelegate.swift in Sources */,
				E8C4D1132456805C00616DB7 /* Student.swift in Sources */,
				E8C4D1072455F70E00616DB7 /* ServerConstants.swift in Sources */,
				E8C4D10E245672F600616DB7 /* MapViewController.swift in Sources */,
				E8C4D10124550E8300616DB7 /* TabBarNavigationController.swift in Sources */,
				E8C4D10A24562D5400616DB7 /* AuthProvider.swift in Sources */,
				E8C4D1032455F23200616DB7 /* LoginViewController.swift in Sources */,
				E8C4D11024567F8100616DB7 /* StudentProvider.swift in Sources */,
				E8C4D0EE2454ACEA00616DB7 /* SceneDelegate.swift in Sources */,
				E8C4D11F24579CB500616DB7 /* Identifiers.swift in Sources */,
				E8C4D11D24574FC400616DB7 /* StudentLocationViewCell.swift in Sources */,
				E8C4D1212457AB7D00616DB7 /* LocationViewController.swift in Sources */,
			);
			runOnlyForDeploymentPostprocessing = 0;
		};
/* End PBXSourcesBuildPhase section */

/* Begin PBXVariantGroup section */
		E8C4D0F12454ACEB00616DB7 /* Main.storyboard */ = {
			isa = PBXVariantGroup;
			children = (
				E8C4D0F22454ACEB00616DB7 /* Base */,
			);
			name = Main.storyboard;
			sourceTree = "<group>";
		};
		E8C4D0F62454ACEC00616DB7 /* LaunchScreen.storyboard */ = {
			isa = PBXVariantGroup;
			children = (
				E8C4D0F72454ACEC00616DB7 /* Base */,
			);
			name = LaunchScreen.storyboard;
			sourceTree = "<group>";
		};
/* End PBXVariantGroup section */

/* Begin XCBuildConfiguration section */
		E8C4D0FA2454ACEC00616DB7 /* Debug */ = {
			isa = XCBuildConfiguration;
			buildSettings = {
				ALWAYS_SEARCH_USER_PATHS = NO;
				CLANG_ANALYZER_NONNULL = YES;
				CLANG_ANALYZER_NUMBER_OBJECT_CONVERSION = YES_AGGRESSIVE;
				CLANG_CXX_LANGUAGE_STANDARD = "gnu++14";
				CLANG_CXX_LIBRARY = "libc++";
				CLANG_ENABLE_MODULES = YES;
				CLANG_ENABLE_OBJC_ARC = YES;
				CLANG_ENABLE_OBJC_WEAK = YES;
				CLANG_WARN_BLOCK_CAPTURE_AUTORELEASING = YES;
				CLANG_WARN_BOOL_CONVERSION = YES;
				CLANG_WARN_COMMA = YES;
				CLANG_WARN_CONSTANT_CONVERSION = YES;
				CLANG_WARN_DEPRECATED_OBJC_IMPLEMENTATIONS = YES;
				CLANG_WARN_DIRECT_OBJC_ISA_USAGE = YES_ERROR;
				CLANG_WARN_DOCUMENTATION_COMMENTS = YES;
				CLANG_WARN_EMPTY_BODY = YES;
				CLANG_WARN_ENUM_CONVERSION = YES;
				CLANG_WARN_INFINITE_RECURSION = YES;
				CLANG_WARN_INT_CONVERSION = YES;
				CLANG_WARN_NON_LITERAL_NULL_CONVERSION = YES;
				CLANG_WARN_OBJC_IMPLICIT_RETAIN_SELF = YES;
				CLANG_WARN_OBJC_LITERAL_CONVERSION = YES;
				CLANG_WARN_OBJC_ROOT_CLASS = YES_ERROR;
				CLANG_WARN_RANGE_LOOP_ANALYSIS = YES;
				CLANG_WARN_STRICT_PROTOTYPES = YES;
				CLANG_WARN_SUSPICIOUS_MOVE = YES;
				CLANG_WARN_UNGUARDED_AVAILABILITY = YES_AGGRESSIVE;
				CLANG_WARN_UNREACHABLE_CODE = YES;
				CLANG_WARN__DUPLICATE_METHOD_MATCH = YES;
				COPY_PHASE_STRIP = NO;
				DEBUG_INFORMATION_FORMAT = dwarf;
				ENABLE_STRICT_OBJC_MSGSEND = YES;
				ENABLE_TESTABILITY = YES;
				GCC_C_LANGUAGE_STANDARD = gnu11;
				GCC_DYNAMIC_NO_PIC = NO;
				GCC_NO_COMMON_BLOCKS = YES;
				GCC_OPTIMIZATION_LEVEL = 0;
				GCC_PREPROCESSOR_DEFINITIONS = (
					"DEBUG=1",
					"$(inherited)",
				);
				GCC_WARN_64_TO_32_BIT_CONVERSION = YES;
				GCC_WARN_ABOUT_RETURN_TYPE = YES_ERROR;
				GCC_WARN_UNDECLARED_SELECTOR = YES;
				GCC_WARN_UNINITIALIZED_AUTOS = YES_AGGRESSIVE;
				GCC_WARN_UNUSED_FUNCTION = YES;
				GCC_WARN_UNUSED_VARIABLE = YES;
				IPHONEOS_DEPLOYMENT_TARGET = 13.4;
				MTL_ENABLE_DEBUG_INFO = INCLUDE_SOURCE;
				MTL_FAST_MATH = YES;
				ONLY_ACTIVE_ARCH = YES;
				SDKROOT = iphoneos;
				SWIFT_ACTIVE_COMPILATION_CONDITIONS = DEBUG;
				SWIFT_OPTIMIZATION_LEVEL = "-Onone";
			};
			name = Debug;
		};
		E8C4D0FB2454ACEC00616DB7 /* Release */ = {
			isa = XCBuildConfiguration;
			buildSettings = {
				ALWAYS_SEARCH_USER_PATHS = NO;
				CLANG_ANALYZER_NONNULL = YES;
				CLANG_ANALYZER_NUMBER_OBJECT_CONVERSION = YES_AGGRESSIVE;
				CLANG_CXX_LANGUAGE_STANDARD = "gnu++14";
				CLANG_CXX_LIBRARY = "libc++";
				CLANG_ENABLE_MODULES = YES;
				CLANG_ENABLE_OBJC_ARC = YES;
				CLANG_ENABLE_OBJC_WEAK = YES;
				CLANG_WARN_BLOCK_CAPTURE_AUTORELEASING = YES;
				CLANG_WARN_BOOL_CONVERSION = YES;
				CLANG_WARN_COMMA = YES;
				CLANG_WARN_CONSTANT_CONVERSION = YES;
				CLANG_WARN_DEPRECATED_OBJC_IMPLEMENTATIONS = YES;
				CLANG_WARN_DIRECT_OBJC_ISA_USAGE = YES_ERROR;
				CLANG_WARN_DOCUMENTATION_COMMENTS = YES;
				CLANG_WARN_EMPTY_BODY = YES;
				CLANG_WARN_ENUM_CONVERSION = YES;
				CLANG_WARN_INFINITE_RECURSION = YES;
				CLANG_WARN_INT_CONVERSION = YES;
				CLANG_WARN_NON_LITERAL_NULL_CONVERSION = YES;
				CLANG_WARN_OBJC_IMPLICIT_RETAIN_SELF = YES;
				CLANG_WARN_OBJC_LITERAL_CONVERSION = YES;
				CLANG_WARN_OBJC_ROOT_CLASS = YES_ERROR;
				CLANG_WARN_RANGE_LOOP_ANALYSIS = YES;
				CLANG_WARN_STRICT_PROTOTYPES = YES;
				CLANG_WARN_SUSPICIOUS_MOVE = YES;
				CLANG_WARN_UNGUARDED_AVAILABILITY = YES_AGGRESSIVE;
				CLANG_WARN_UNREACHABLE_CODE = YES;
				CLANG_WARN__DUPLICATE_METHOD_MATCH = YES;
				COPY_PHASE_STRIP = NO;
				DEBUG_INFORMATION_FORMAT = "dwarf-with-dsym";
				ENABLE_NS_ASSERTIONS = NO;
				ENABLE_STRICT_OBJC_MSGSEND = YES;
				GCC_C_LANGUAGE_STANDARD = gnu11;
				GCC_NO_COMMON_BLOCKS = YES;
				GCC_WARN_64_TO_32_BIT_CONVERSION = YES;
				GCC_WARN_ABOUT_RETURN_TYPE = YES_ERROR;
				GCC_WARN_UNDECLARED_SELECTOR = YES;
				GCC_WARN_UNINITIALIZED_AUTOS = YES_AGGRESSIVE;
				GCC_WARN_UNUSED_FUNCTION = YES;
				GCC_WARN_UNUSED_VARIABLE = YES;
				IPHONEOS_DEPLOYMENT_TARGET = 13.4;
				MTL_ENABLE_DEBUG_INFO = NO;
				MTL_FAST_MATH = YES;
				SDKROOT = iphoneos;
				SWIFT_COMPILATION_MODE = wholemodule;
				SWIFT_OPTIMIZATION_LEVEL = "-O";
				VALIDATE_PRODUCT = YES;
			};
			name = Release;
		};
		E8C4D0FD2454ACEC00616DB7 /* Debug */ = {
			isa = XCBuildConfiguration;
			buildSettings = {
				ASSETCATALOG_COMPILER_APPICON_NAME = AppIcon;
				CODE_SIGN_STYLE = Automatic;
				DEVELOPMENT_TEAM = PWGXY8Q8QJ;
				INFOPLIST_FILE = OnTheMap/Info.plist;
				LD_RUNPATH_SEARCH_PATHS = (
					"$(inherited)",
					"@executable_path/Frameworks",
				);
				PRODUCT_BUNDLE_IDENTIFIER = com.smartguygoescrazy.ios.OnTheMap;
				PRODUCT_NAME = "$(TARGET_NAME)";
				SWIFT_VERSION = 5.0;
				TARGETED_DEVICE_FAMILY = "1,2";
			};
			name = Debug;
		};
		E8C4D0FE2454ACEC00616DB7 /* Release */ = {
			isa = XCBuildConfiguration;
			buildSettings = {
				ASSETCATALOG_COMPILER_APPICON_NAME = AppIcon;
				CODE_SIGN_STYLE = Automatic;
				DEVELOPMENT_TEAM = PWGXY8Q8QJ;
				INFOPLIST_FILE = OnTheMap/Info.plist;
				LD_RUNPATH_SEARCH_PATHS = (
					"$(inherited)",
					"@executable_path/Frameworks",
				);
				PRODUCT_BUNDLE_IDENTIFIER = com.smartguygoescrazy.ios.OnTheMap;
				PRODUCT_NAME = "$(TARGET_NAME)";
				SWIFT_VERSION = 5.0;
				TARGETED_DEVICE_FAMILY = "1,2";
			};
			name = Release;
		};
/* End XCBuildConfiguration section */

/* Begin XCConfigurationList section */
		E8C4D0E32454ACEA00616DB7 /* Build configuration list for PBXProject "OnTheMap" */ = {
			isa = XCConfigurationList;
			buildConfigurations = (
				E8C4D0FA2454ACEC00616DB7 /* Debug */,
				E8C4D0FB2454ACEC00616DB7 /* Release */,
			);
			defaultConfigurationIsVisible = 0;
			defaultConfigurationName = Release;
		};
		E8C4D0FC2454ACEC00616DB7 /* Build configuration list for PBXNativeTarget "OnTheMap" */ = {
			isa = XCConfigurationList;
			buildConfigurations = (
				E8C4D0FD2454ACEC00616DB7 /* Debug */,
				E8C4D0FE2454ACEC00616DB7 /* Release */,
			);
			defaultConfigurationIsVisible = 0;
			defaultConfigurationName = Release;
		};
/* End XCConfigurationList section */
	};
	rootObject = E8C4D0E02454ACEA00616DB7 /* Project object */;
}
