// !$*UTF8*$!
{
	archiveVersion = 1;
	classes = {
	};
	objectVersion = 50;
	objects = {

/* Begin PBXBuildFile section */
		E8758240245B7D83002A8481 /* AppDelegate.swift in Sources */ = {isa = PBXBuildFile; fileRef = E875823F245B7D83002A8481 /* AppDelegate.swift */; };
		E8758242245B7D83002A8481 /* SceneDelegate.swift in Sources */ = {isa = PBXBuildFile; fileRef = E8758241245B7D83002A8481 /* SceneDelegate.swift */; };
		E8758244245B7D83002A8481 /* ViewController.swift in Sources */ = {isa = PBXBuildFile; fileRef = E8758243245B7D83002A8481 /* ViewController.swift */; };
		E8758247245B7D83002A8481 /* Main.storyboard in Resources */ = {isa = PBXBuildFile; fileRef = E8758245245B7D83002A8481 /* Main.storyboard */; };
		E875824A245B7D83002A8481 /* VirtualTourist.xcdatamodeld in Sources */ = {isa = PBXBuildFile; fileRef = E8758248245B7D83002A8481 /* VirtualTourist.xcdatamodeld */; };
		E875824C245B7D88002A8481 /* Assets.xcassets in Resources */ = {isa = PBXBuildFile; fileRef = E875824B245B7D88002A8481 /* Assets.xcassets */; };
		E875824F245B7D88002A8481 /* LaunchScreen.storyboard in Resources */ = {isa = PBXBuildFile; fileRef = E875824D245B7D88002A8481 /* LaunchScreen.storyboard */; };
		E8758258245B80DE002A8481 /* TravelLocationsViewController.swift in Sources */ = {isa = PBXBuildFile; fileRef = E8758257245B80DE002A8481 /* TravelLocationsViewController.swift */; };
		E875825B245B8B61002A8481 /* UserDefaultsKeys.swift in Sources */ = {isa = PBXBuildFile; fileRef = E875825A245B8B61002A8481 /* UserDefaultsKeys.swift */; };
		E875825D245BB5D5002A8481 /* PhotoAlbumViewController.swift in Sources */ = {isa = PBXBuildFile; fileRef = E875825C245BB5D5002A8481 /* PhotoAlbumViewController.swift */; };
		E8758260245BBB68002A8481 /* Segues.swift in Sources */ = {isa = PBXBuildFile; fileRef = E875825F245BBB68002A8481 /* Segues.swift */; };
		E8DE67F0245CE91B00047D12 /* FlickrAuth.swift in Sources */ = {isa = PBXBuildFile; fileRef = E8DE67EF245CE91B00047D12 /* FlickrAuth.swift */; };
		E8DE67F2245CEAF900047D12 /* FlickrProvider.swift in Sources */ = {isa = PBXBuildFile; fileRef = E8DE67F1245CEAF900047D12 /* FlickrProvider.swift */; };
		E8DE67F4245CF4E900047D12 /* FlickrConstants.swift in Sources */ = {isa = PBXBuildFile; fileRef = E8DE67F3245CF4E900047D12 /* FlickrConstants.swift */; };
		E8DE67F6245F28AD00047D12 /* PhotoAlbumViewCell.swift in Sources */ = {isa = PBXBuildFile; fileRef = E8DE67F5245F28AD00047D12 /* PhotoAlbumViewCell.swift */; };
		E8DE67F8245F291E00047D12 /* Identifiers.swift in Sources */ = {isa = PBXBuildFile; fileRef = E8DE67F7245F291E00047D12 /* Identifiers.swift */; };
		E8DE67FC245F7B5E00047D12 /* ViewControllerExtension.swift in Sources */ = {isa = PBXBuildFile; fileRef = E8DE67FB245F7B5E00047D12 /* ViewControllerExtension.swift */; };
/* End PBXBuildFile section */

/* Begin PBXFileReference section */
		E875823C245B7D83002A8481 /* VirtualTourist.app */ = {isa = PBXFileReference; explicitFileType = wrapper.application; includeInIndex = 0; path = VirtualTourist.app; sourceTree = BUILT_PRODUCTS_DIR; };
		E875823F245B7D83002A8481 /* AppDelegate.swift */ = {isa = PBXFileReference; lastKnownFileType = sourcecode.swift; path = AppDelegate.swift; sourceTree = "<group>"; };
		E8758241245B7D83002A8481 /* SceneDelegate.swift */ = {isa = PBXFileReference; lastKnownFileType = sourcecode.swift; path = SceneDelegate.swift; sourceTree = "<group>"; };
		E8758243245B7D83002A8481 /* ViewController.swift */ = {isa = PBXFileReference; lastKnownFileType = sourcecode.swift; path = ViewController.swift; sourceTree = "<group>"; };
		E8758246245B7D83002A8481 /* Base */ = {isa = PBXFileReference; lastKnownFileType = file.storyboard; name = Base; path = Base.lproj/Main.storyboard; sourceTree = "<group>"; };
		E8758249245B7D83002A8481 /* VirtualTourist.xcdatamodel */ = {isa = PBXFileReference; lastKnownFileType = wrapper.xcdatamodel; path = VirtualTourist.xcdatamodel; sourceTree = "<group>"; };
		E875824B245B7D88002A8481 /* Assets.xcassets */ = {isa = PBXFileReference; lastKnownFileType = folder.assetcatalog; path = Assets.xcassets; sourceTree = "<group>"; };
		E875824E245B7D88002A8481 /* Base */ = {isa = PBXFileReference; lastKnownFileType = file.storyboard; name = Base; path = Base.lproj/LaunchScreen.storyboard; sourceTree = "<group>"; };
		E8758250245B7D88002A8481 /* Info.plist */ = {isa = PBXFileReference; lastKnownFileType = text.plist.xml; path = Info.plist; sourceTree = "<group>"; };
		E8758257245B80DE002A8481 /* TravelLocationsViewController.swift */ = {isa = PBXFileReference; lastKnownFileType = sourcecode.swift; path = TravelLocationsViewController.swift; sourceTree = "<group>"; };
		E875825A245B8B61002A8481 /* UserDefaultsKeys.swift */ = {isa = PBXFileReference; lastKnownFileType = sourcecode.swift; path = UserDefaultsKeys.swift; sourceTree = "<group>"; };
		E875825C245BB5D5002A8481 /* PhotoAlbumViewController.swift */ = {isa = PBXFileReference; lastKnownFileType = sourcecode.swift; path = PhotoAlbumViewController.swift; sourceTree = "<group>"; };
		E875825F245BBB68002A8481 /* Segues.swift */ = {isa = PBXFileReference; lastKnownFileType = sourcecode.swift; path = Segues.swift; sourceTree = "<group>"; };
		E8DE67EF245CE91B00047D12 /* FlickrAuth.swift */ = {isa = PBXFileReference; lastKnownFileType = sourcecode.swift; path = FlickrAuth.swift; sourceTree = "<group>"; };
		E8DE67F1245CEAF900047D12 /* FlickrProvider.swift */ = {isa = PBXFileReference; lastKnownFileType = sourcecode.swift; path = FlickrProvider.swift; sourceTree = "<group>"; };
		E8DE67F3245CF4E900047D12 /* FlickrConstants.swift */ = {isa = PBXFileReference; lastKnownFileType = sourcecode.swift; path = FlickrConstants.swift; sourceTree = "<group>"; };
		E8DE67F5245F28AD00047D12 /* PhotoAlbumViewCell.swift */ = {isa = PBXFileReference; lastKnownFileType = sourcecode.swift; path = PhotoAlbumViewCell.swift; sourceTree = "<group>"; };
		E8DE67F7245F291E00047D12 /* Identifiers.swift */ = {isa = PBXFileReference; lastKnownFileType = sourcecode.swift; path = Identifiers.swift; sourceTree = "<group>"; };
		E8DE67FB245F7B5E00047D12 /* ViewControllerExtension.swift */ = {isa = PBXFileReference; lastKnownFileType = sourcecode.swift; path = ViewControllerExtension.swift; sourceTree = "<group>"; };
/* End PBXFileReference section */

/* Begin PBXFrameworksBuildPhase section */
		E8758239245B7D83002A8481 /* Frameworks */ = {
			isa = PBXFrameworksBuildPhase;
			buildActionMask = 2147483647;
			files = (
			);
			runOnlyForDeploymentPostprocessing = 0;
		};
/* End PBXFrameworksBuildPhase section */

/* Begin PBXGroup section */
		E8758233245B7D83002A8481 = {
			isa = PBXGroup;
			children = (
				E875823E245B7D83002A8481 /* VirtualTourist */,
				E875823D245B7D83002A8481 /* Products */,
			);
			sourceTree = "<group>";
		};
		E875823D245B7D83002A8481 /* Products */ = {
			isa = PBXGroup;
			children = (
				E875823C245B7D83002A8481 /* VirtualTourist.app */,
			);
			name = Products;
			sourceTree = "<group>";
		};
		E875823E245B7D83002A8481 /* VirtualTourist */ = {
			isa = PBXGroup;
			children = (
				E8DE67F9245F2A5000047D12 /* Views */,
				E8DE67EE245CE8E100047D12 /* Providers */,
				E8758259245B8B37002A8481 /* Constants */,
				E8758256245B80A9002A8481 /* Controllers */,
				E875823F245B7D83002A8481 /* AppDelegate.swift */,
				E8758241245B7D83002A8481 /* SceneDelegate.swift */,
				E8758243245B7D83002A8481 /* ViewController.swift */,
				E8758245245B7D83002A8481 /* Main.storyboard */,
				E875824B245B7D88002A8481 /* Assets.xcassets */,
				E875824D245B7D88002A8481 /* LaunchScreen.storyboard */,
				E8758250245B7D88002A8481 /* Info.plist */,
				E8758248245B7D83002A8481 /* VirtualTourist.xcdatamodeld */,
				E8DE67FB245F7B5E00047D12 /* ViewControllerExtension.swift */,
			);
			path = VirtualTourist;
			sourceTree = "<group>";
		};
		E8758256245B80A9002A8481 /* Controllers */ = {
			isa = PBXGroup;
			children = (
				E8DE67F5245F28AD00047D12 /* PhotoAlbumViewCell.swift */,
				E875825C245BB5D5002A8481 /* PhotoAlbumViewController.swift */,
				E8758257245B80DE002A8481 /* TravelLocationsViewController.swift */,
			);
			path = Controllers;
			sourceTree = "<group>";
		};
		E8758259245B8B37002A8481 /* Constants */ = {
			isa = PBXGroup;
			children = (
				E875825A245B8B61002A8481 /* UserDefaultsKeys.swift */,
				E875825F245BBB68002A8481 /* Segues.swift */,
				E8DE67EF245CE91B00047D12 /* FlickrAuth.swift */,
				E8DE67F3245CF4E900047D12 /* FlickrConstants.swift */,
				E8DE67F7245F291E00047D12 /* Identifiers.swift */,
			);
			path = Constants;
			sourceTree = "<group>";
		};
		E8DE67EE245CE8E100047D12 /* Providers */ = {
			isa = PBXGroup;
			children = (
				E8DE67F1245CEAF900047D12 /* FlickrProvider.swift */,
			);
			path = Providers;
			sourceTree = "<group>";
		};
		E8DE67F9245F2A5000047D12 /* Views */ = {
			isa = PBXGroup;
			children = (
			);
			path = Views;
			sourceTree = "<group>";
		};
/* End PBXGroup section */

/* Begin PBXNativeTarget section */
		E875823B245B7D83002A8481 /* VirtualTourist */ = {
			isa = PBXNativeTarget;
			buildConfigurationList = E8758253245B7D88002A8481 /* Build configuration list for PBXNativeTarget "VirtualTourist" */;
			buildPhases = (
				E8758238245B7D83002A8481 /* Sources */,
				E8758239245B7D83002A8481 /* Frameworks */,
				E875823A245B7D83002A8481 /* Resources */,
			);
			buildRules = (
			);
			dependencies = (
			);
			name = VirtualTourist;
			productName = VirtualTourist;
			productReference = E875823C245B7D83002A8481 /* VirtualTourist.app */;
			productType = "com.apple.product-type.application";
		};
/* End PBXNativeTarget section */

/* Begin PBXProject section */
		E8758234245B7D83002A8481 /* Project object */ = {
			isa = PBXProject;
			attributes = {
				LastSwiftUpdateCheck = 1140;
				LastUpgradeCheck = 1140;
				ORGANIZATIONNAME = "Tiago Oliveira";
				TargetAttributes = {
					E875823B245B7D83002A8481 = {
						CreatedOnToolsVersion = 11.4.1;
					};
				};
			};
			buildConfigurationList = E8758237245B7D83002A8481 /* Build configuration list for PBXProject "VirtualTourist" */;
			compatibilityVersion = "Xcode 9.3";
			developmentRegion = en;
			hasScannedForEncodings = 0;
			knownRegions = (
				en,
				Base,
			);
			mainGroup = E8758233245B7D83002A8481;
			productRefGroup = E875823D245B7D83002A8481 /* Products */;
			projectDirPath = "";
			projectRoot = "";
			targets = (
				E875823B245B7D83002A8481 /* VirtualTourist */,
			);
		};
/* End PBXProject section */

/* Begin PBXResourcesBuildPhase section */
		E875823A245B7D83002A8481 /* Resources */ = {
			isa = PBXResourcesBuildPhase;
			buildActionMask = 2147483647;
			files = (
				E875824F245B7D88002A8481 /* LaunchScreen.storyboard in Resources */,
				E875824C245B7D88002A8481 /* Assets.xcassets in Resources */,
				E8758247245B7D83002A8481 /* Main.storyboard in Resources */,
			);
			runOnlyForDeploymentPostprocessing = 0;
		};
/* End PBXResourcesBuildPhase section */

/* Begin PBXSourcesBuildPhase section */
		E8758238245B7D83002A8481 /* Sources */ = {
			isa = PBXSourcesBuildPhase;
			buildActionMask = 2147483647;
			files = (
				E875824A245B7D83002A8481 /* VirtualTourist.xcdatamodeld in Sources */,
				E8DE67F6245F28AD00047D12 /* PhotoAlbumViewCell.swift in Sources */,
				E8DE67FC245F7B5E00047D12 /* ViewControllerExtension.swift in Sources */,
				E875825D245BB5D5002A8481 /* PhotoAlbumViewController.swift in Sources */,
				E8758244245B7D83002A8481 /* ViewController.swift in Sources */,
				E8DE67F4245CF4E900047D12 /* FlickrConstants.swift in Sources */,
				E8758260245BBB68002A8481 /* Segues.swift in Sources */,
				E8758240245B7D83002A8481 /* AppDelegate.swift in Sources */,
				E8758258245B80DE002A8481 /* TravelLocationsViewController.swift in Sources */,
				E875825B245B8B61002A8481 /* UserDefaultsKeys.swift in Sources */,
				E8DE67F8245F291E00047D12 /* Identifiers.swift in Sources */,
				E8DE67F2245CEAF900047D12 /* FlickrProvider.swift in Sources */,
				E8DE67F0245CE91B00047D12 /* FlickrAuth.swift in Sources */,
				E8758242245B7D83002A8481 /* SceneDelegate.swift in Sources */,
			);
			runOnlyForDeploymentPostprocessing = 0;
		};
/* End PBXSourcesBuildPhase section */

/* Begin PBXVariantGroup section */
		E8758245245B7D83002A8481 /* Main.storyboard */ = {
			isa = PBXVariantGroup;
			children = (
				E8758246245B7D83002A8481 /* Base */,
			);
			name = Main.storyboard;
			sourceTree = "<group>";
		};
		E875824D245B7D88002A8481 /* LaunchScreen.storyboard */ = {
			isa = PBXVariantGroup;
			children = (
				E875824E245B7D88002A8481 /* Base */,
			);
			name = LaunchScreen.storyboard;
			sourceTree = "<group>";
		};
/* End PBXVariantGroup section */

/* Begin XCBuildConfiguration section */
		E8758251245B7D88002A8481 /* Debug */ = {
			isa = XCBuildConfiguration;
			buildSettings = {
				ALWAYS_SEARCH_USER_PATHS = NO;
				CLANG_ANALYZER_NONNULL = YES;
				CLANG_ANALYZER_NUMBER_OBJECT_CONVERSION = YES_AGGRESSIVE;
				CLANG_CXX_LANGUAGE_STANDARD = "gnu++14";
				CLANG_CXX_LIBRARY = "libc++";
				CLANG_ENABLE_MODULES = YES;
				CLANG_ENABLE_OBJC_ARC = YES;
				CLANG_ENABLE_OBJC_WEAK = YES;
				CLANG_WARN_BLOCK_CAPTURE_AUTORELEASING = YES;
				CLANG_WARN_BOOL_CONVERSION = YES;
				CLANG_WARN_COMMA = YES;
				CLANG_WARN_CONSTANT_CONVERSION = YES;
				CLANG_WARN_DEPRECATED_OBJC_IMPLEMENTATIONS = YES;
				CLANG_WARN_DIRECT_OBJC_ISA_USAGE = YES_ERROR;
				CLANG_WARN_DOCUMENTATION_COMMENTS = YES;
				CLANG_WARN_EMPTY_BODY = YES;
				CLANG_WARN_ENUM_CONVERSION = YES;
				CLANG_WARN_INFINITE_RECURSION = YES;
				CLANG_WARN_INT_CONVERSION = YES;
				CLANG_WARN_NON_LITERAL_NULL_CONVERSION = YES;
				CLANG_WARN_OBJC_IMPLICIT_RETAIN_SELF = YES;
				CLANG_WARN_OBJC_LITERAL_CONVERSION = YES;
				CLANG_WARN_OBJC_ROOT_CLASS = YES_ERROR;
				CLANG_WARN_RANGE_LOOP_ANALYSIS = YES;
				CLANG_WARN_STRICT_PROTOTYPES = YES;
				CLANG_WARN_SUSPICIOUS_MOVE = YES;
				CLANG_WARN_UNGUARDED_AVAILABILITY = YES_AGGRESSIVE;
				CLANG_WARN_UNREACHABLE_CODE = YES;
				CLANG_WARN__DUPLICATE_METHOD_MATCH = YES;
				COPY_PHASE_STRIP = NO;
				DEBUG_INFORMATION_FORMAT = dwarf;
				ENABLE_STRICT_OBJC_MSGSEND = YES;
				ENABLE_TESTABILITY = YES;
				GCC_C_LANGUAGE_STANDARD = gnu11;
				GCC_DYNAMIC_NO_PIC = NO;
				GCC_NO_COMMON_BLOCKS = YES;
				GCC_OPTIMIZATION_LEVEL = 0;
				GCC_PREPROCESSOR_DEFINITIONS = (
					"DEBUG=1",
					"$(inherited)",
				);
				GCC_WARN_64_TO_32_BIT_CONVERSION = YES;
				GCC_WARN_ABOUT_RETURN_TYPE = YES_ERROR;
				GCC_WARN_UNDECLARED_SELECTOR = YES;
				GCC_WARN_UNINITIALIZED_AUTOS = YES_AGGRESSIVE;
				GCC_WARN_UNUSED_FUNCTION = YES;
				GCC_WARN_UNUSED_VARIABLE = YES;
				IPHONEOS_DEPLOYMENT_TARGET = 13.4;
				MTL_ENABLE_DEBUG_INFO = INCLUDE_SOURCE;
				MTL_FAST_MATH = YES;
				ONLY_ACTIVE_ARCH = YES;
				SDKROOT = iphoneos;
				SWIFT_ACTIVE_COMPILATION_CONDITIONS = DEBUG;
				SWIFT_OPTIMIZATION_LEVEL = "-Onone";
			};
			name = Debug;
		};
		E8758252245B7D88002A8481 /* Release */ = {
			isa = XCBuildConfiguration;
			buildSettings = {
				ALWAYS_SEARCH_USER_PATHS = NO;
				CLANG_ANALYZER_NONNULL = YES;
				CLANG_ANALYZER_NUMBER_OBJECT_CONVERSION = YES_AGGRESSIVE;
				CLANG_CXX_LANGUAGE_STANDARD = "gnu++14";
				CLANG_CXX_LIBRARY = "libc++";
				CLANG_ENABLE_MODULES = YES;
				CLANG_ENABLE_OBJC_ARC = YES;
				CLANG_ENABLE_OBJC_WEAK = YES;
				CLANG_WARN_BLOCK_CAPTURE_AUTORELEASING = YES;
				CLANG_WARN_BOOL_CONVERSION = YES;
				CLANG_WARN_COMMA = YES;
				CLANG_WARN_CONSTANT_CONVERSION = YES;
				CLANG_WARN_DEPRECATED_OBJC_IMPLEMENTATIONS = YES;
				CLANG_WARN_DIRECT_OBJC_ISA_USAGE = YES_ERROR;
				CLANG_WARN_DOCUMENTATION_COMMENTS = YES;
				CLANG_WARN_EMPTY_BODY = YES;
				CLANG_WARN_ENUM_CONVERSION = YES;
				CLANG_WARN_INFINITE_RECURSION = YES;
				CLANG_WARN_INT_CONVERSION = YES;
				CLANG_WARN_NON_LITERAL_NULL_CONVERSION = YES;
				CLANG_WARN_OBJC_IMPLICIT_RETAIN_SELF = YES;
				CLANG_WARN_OBJC_LITERAL_CONVERSION = YES;
				CLANG_WARN_OBJC_ROOT_CLASS = YES_ERROR;
				CLANG_WARN_RANGE_LOOP_ANALYSIS = YES;
				CLANG_WARN_STRICT_PROTOTYPES = YES;
				CLANG_WARN_SUSPICIOUS_MOVE = YES;
				CLANG_WARN_UNGUARDED_AVAILABILITY = YES_AGGRESSIVE;
				CLANG_WARN_UNREACHABLE_CODE = YES;
				CLANG_WARN__DUPLICATE_METHOD_MATCH = YES;
				COPY_PHASE_STRIP = NO;
				DEBUG_INFORMATION_FORMAT = "dwarf-with-dsym";
				ENABLE_NS_ASSERTIONS = NO;
				ENABLE_STRICT_OBJC_MSGSEND = YES;
				GCC_C_LANGUAGE_STANDARD = gnu11;
				GCC_NO_COMMON_BLOCKS = YES;
				GCC_WARN_64_TO_32_BIT_CONVERSION = YES;
				GCC_WARN_ABOUT_RETURN_TYPE = YES_ERROR;
				GCC_WARN_UNDECLARED_SELECTOR = YES;
				GCC_WARN_UNINITIALIZED_AUTOS = YES_AGGRESSIVE;
				GCC_WARN_UNUSED_FUNCTION = YES;
				GCC_WARN_UNUSED_VARIABLE = YES;
				IPHONEOS_DEPLOYMENT_TARGET = 13.4;
				MTL_ENABLE_DEBUG_INFO = NO;
				MTL_FAST_MATH = YES;
				SDKROOT = iphoneos;
				SWIFT_COMPILATION_MODE = wholemodule;
				SWIFT_OPTIMIZATION_LEVEL = "-O";
				VALIDATE_PRODUCT = YES;
			};
			name = Release;
		};
		E8758254245B7D88002A8481 /* Debug */ = {
			isa = XCBuildConfiguration;
			buildSettings = {
				ASSETCATALOG_COMPILER_APPICON_NAME = AppIcon;
				CODE_SIGN_STYLE = Automatic;
				DEVELOPMENT_TEAM = PWGXY8Q8QJ;
				INFOPLIST_FILE = VirtualTourist/Info.plist;
				LD_RUNPATH_SEARCH_PATHS = (
					"$(inherited)",
					"@executable_path/Frameworks",
				);
				PRODUCT_BUNDLE_IDENTIFIER = com.smartguygoescrazy.ios.VirtualTourist;
				PRODUCT_NAME = "$(TARGET_NAME)";
				SWIFT_VERSION = 5.0;
				TARGETED_DEVICE_FAMILY = "1,2";
			};
			name = Debug;
		};
		E8758255245B7D88002A8481 /* Release */ = {
			isa = XCBuildConfiguration;
			buildSettings = {
				ASSETCATALOG_COMPILER_APPICON_NAME = AppIcon;
				CODE_SIGN_STYLE = Automatic;
				DEVELOPMENT_TEAM = PWGXY8Q8QJ;
				INFOPLIST_FILE = VirtualTourist/Info.plist;
				LD_RUNPATH_SEARCH_PATHS = (
					"$(inherited)",
					"@executable_path/Frameworks",
				);
				PRODUCT_BUNDLE_IDENTIFIER = com.smartguygoescrazy.ios.VirtualTourist;
				PRODUCT_NAME = "$(TARGET_NAME)";
				SWIFT_VERSION = 5.0;
				TARGETED_DEVICE_FAMILY = "1,2";
			};
			name = Release;
		};
/* End XCBuildConfiguration section */

/* Begin XCConfigurationList section */
		E8758237245B7D83002A8481 /* Build configuration list for PBXProject "VirtualTourist" */ = {
			isa = XCConfigurationList;
			buildConfigurations = (
				E8758251245B7D88002A8481 /* Debug */,
				E8758252245B7D88002A8481 /* Release */,
			);
			defaultConfigurationIsVisible = 0;
			defaultConfigurationName = Release;
		};
		E8758253245B7D88002A8481 /* Build configuration list for PBXNativeTarget "VirtualTourist" */ = {
			isa = XCConfigurationList;
			buildConfigurations = (
				E8758254245B7D88002A8481 /* Debug */,
				E8758255245B7D88002A8481 /* Release */,
			);
			defaultConfigurationIsVisible = 0;
			defaultConfigurationName = Release;
		};
/* End XCConfigurationList section */

/* Begin XCVersionGroup section */
		E8758248245B7D83002A8481 /* VirtualTourist.xcdatamodeld */ = {
			isa = XCVersionGroup;
			children = (
				E8758249245B7D83002A8481 /* VirtualTourist.xcdatamodel */,
			);
			currentVersion = E8758249245B7D83002A8481 /* VirtualTourist.xcdatamodel */;
			path = VirtualTourist.xcdatamodeld;
			sourceTree = "<group>";
			versionGroupType = wrapper.xcdatamodel;
		};
/* End XCVersionGroup section */
	};
	rootObject = E8758234245B7D83002A8481 /* Project object */;
}
